// !$*UTF8*$!
{
	archiveVersion = 1;
	classes = {
	};
	objectVersion = 50;
	objects = {

/* Begin PBXBuildFile section */
		456276DD20D8DE03002778DC /* AppDelegate.swift in Sources */ = {isa = PBXBuildFile; fileRef = 456276DC20D8DE03002778DC /* AppDelegate.swift */; };
		456276E420D8DE05002778DC /* Assets.xcassets in Resources */ = {isa = PBXBuildFile; fileRef = 456276E320D8DE05002778DC /* Assets.xcassets */; };
		456276E720D8DE05002778DC /* LaunchScreen.storyboard in Resources */ = {isa = PBXBuildFile; fileRef = 456276E520D8DE05002778DC /* LaunchScreen.storyboard */; };
		456276F220D8DE05002778DC /* ChatAssistantTests.swift in Sources */ = {isa = PBXBuildFile; fileRef = 456276F120D8DE05002778DC /* ChatAssistantTests.swift */; };
		4562770220D911B7002778DC /* ChatViewController.swift in Sources */ = {isa = PBXBuildFile; fileRef = 4562770120D911B7002778DC /* ChatViewController.swift */; };
		4562770420D911DD002778DC /* ChatItemViewModel.swift in Sources */ = {isa = PBXBuildFile; fileRef = 4562770320D911DD002778DC /* ChatItemViewModel.swift */; };
		4562770620D912EA002778DC /* ChatItemView.swift in Sources */ = {isa = PBXBuildFile; fileRef = 4562770520D912EA002778DC /* ChatItemView.swift */; };
		4562770820D91357002778DC /* UIView+AddSubviews.swift in Sources */ = {isa = PBXBuildFile; fileRef = 4562770720D91357002778DC /* UIView+AddSubviews.swift */; };
		4562770A20D917B2002778DC /* MessageChatItemViewModel.swift in Sources */ = {isa = PBXBuildFile; fileRef = 4562770920D917B2002778DC /* MessageChatItemViewModel.swift */; };
		4562770C20D9196F002778DC /* MessageChatItemView.swift in Sources */ = {isa = PBXBuildFile; fileRef = 4562770B20D9196F002778DC /* MessageChatItemView.swift */; };
		4562770E20D92950002778DC /* ChatViewModel.swift in Sources */ = {isa = PBXBuildFile; fileRef = 4562770D20D92950002778DC /* ChatViewModel.swift */; };
		4562771020DA3E34002778DC /* StyleExtensions.swift in Sources */ = {isa = PBXBuildFile; fileRef = 4562770F20DA3E34002778DC /* StyleExtensions.swift */; };
		4562771220DA7639002778DC /* TypingAnimationView.swift in Sources */ = {isa = PBXBuildFile; fileRef = 4562771120DA7639002778DC /* TypingAnimationView.swift */; };
		4562771420DCCBA6002778DC /* TextInputChatItemViewModel.swift in Sources */ = {isa = PBXBuildFile; fileRef = 4562771320DCCBA6002778DC /* TextInputChatItemViewModel.swift */; };
		4562771620DCCC57002778DC /* TextInputChatItemView.swift in Sources */ = {isa = PBXBuildFile; fileRef = 4562771520DCCC57002778DC /* TextInputChatItemView.swift */; };
		457CB78E211C286800F72AFD /* ChatItemFactory.swift in Sources */ = {isa = PBXBuildFile; fileRef = 457CB78D211C286800F72AFD /* ChatItemFactory.swift */; };
		45998BB720EB930D004B4F8F /* ExternalOptionsSelectionViewModel.swift in Sources */ = {isa = PBXBuildFile; fileRef = 45998BB620EB930D004B4F8F /* ExternalOptionsSelectionViewModel.swift */; };
		45998BB920EBA59F004B4F8F /* TappableButton.swift in Sources */ = {isa = PBXBuildFile; fileRef = 45998BB820EBA59F004B4F8F /* TappableButton.swift */; };
		45998BCD20EE06E6004B4F8F /* ChatFlowViewModel.swift in Sources */ = {isa = PBXBuildFile; fileRef = 45998BCC20EE06E6004B4F8F /* ChatFlowViewModel.swift */; };
		45A73E8720E110C4002668A4 /* ExampleChatFlowViewModel.swift in Sources */ = {isa = PBXBuildFile; fileRef = 45A73E8620E110C4002668A4 /* ExampleChatFlowViewModel.swift */; };
		45A73E8B20E246D7002668A4 /* SelectionChatItemViewModel.swift in Sources */ = {isa = PBXBuildFile; fileRef = 45A73E8A20E246D7002668A4 /* SelectionChatItemViewModel.swift */; };
		45A73E8D20E24724002668A4 /* SelectionChatItemView.swift in Sources */ = {isa = PBXBuildFile; fileRef = 45A73E8C20E24724002668A4 /* SelectionChatItemView.swift */; };
		45A73E8F20E25A7F002668A4 /* SelectionTableViewCell.swift in Sources */ = {isa = PBXBuildFile; fileRef = 45A73E8E20E25A7F002668A4 /* SelectionTableViewCell.swift */; };
		45EBAF7120E0C7FB000394CA /* Extensions.swift in Sources */ = {isa = PBXBuildFile; fileRef = 45EBAF7020E0C7FB000394CA /* Extensions.swift */; };
		50F899311194C62602A08F40 /* Pods_ChatAssistantTests.framework in Frameworks */ = {isa = PBXBuildFile; fileRef = B78DE0C88EEDB0D385639697 /* Pods_ChatAssistantTests.framework */; };
		69FEC156320DB7D92A5E5B5A /* Pods_ChatAssistant.framework in Frameworks */ = {isa = PBXBuildFile; fileRef = 74319E4A66F4F05BF76B708B /* Pods_ChatAssistant.framework */; };
		C5B39385213E873F00F1F87C /* Localizable.strings in Resources */ = {isa = PBXBuildFile; fileRef = C5B39383213E873F00F1F87C /* Localizable.strings */; };
/* End PBXBuildFile section */

/* Begin PBXContainerItemProxy section */
		456276EE20D8DE05002778DC /* PBXContainerItemProxy */ = {
			isa = PBXContainerItemProxy;
			containerPortal = 456276D120D8DE03002778DC /* Project object */;
			proxyType = 1;
			remoteGlobalIDString = 456276D820D8DE03002778DC;
			remoteInfo = ChatAssistant;
		};
/* End PBXContainerItemProxy section */

/* Begin PBXFileReference section */
		456276D920D8DE03002778DC /* ChatAssistant.app */ = {isa = PBXFileReference; explicitFileType = wrapper.application; includeInIndex = 0; path = ChatAssistant.app; sourceTree = BUILT_PRODUCTS_DIR; };
		456276DC20D8DE03002778DC /* AppDelegate.swift */ = {isa = PBXFileReference; lastKnownFileType = sourcecode.swift; path = AppDelegate.swift; sourceTree = "<group>"; };
		456276E320D8DE05002778DC /* Assets.xcassets */ = {isa = PBXFileReference; lastKnownFileType = folder.assetcatalog; path = Assets.xcassets; sourceTree = "<group>"; };
		456276E620D8DE05002778DC /* Base */ = {isa = PBXFileReference; lastKnownFileType = file.storyboard; name = Base; path = Base.lproj/LaunchScreen.storyboard; sourceTree = "<group>"; };
		456276E820D8DE05002778DC /* Info.plist */ = {isa = PBXFileReference; lastKnownFileType = text.plist.xml; path = Info.plist; sourceTree = "<group>"; };
		456276ED20D8DE05002778DC /* ChatAssistantTests.xctest */ = {isa = PBXFileReference; explicitFileType = wrapper.cfbundle; includeInIndex = 0; path = ChatAssistantTests.xctest; sourceTree = BUILT_PRODUCTS_DIR; };
		456276F120D8DE05002778DC /* ChatAssistantTests.swift */ = {isa = PBXFileReference; lastKnownFileType = sourcecode.swift; path = ChatAssistantTests.swift; sourceTree = "<group>"; };
		456276F320D8DE05002778DC /* Info.plist */ = {isa = PBXFileReference; lastKnownFileType = text.plist.xml; path = Info.plist; sourceTree = "<group>"; };
		4562770120D911B7002778DC /* ChatViewController.swift */ = {isa = PBXFileReference; fileEncoding = 4; lastKnownFileType = sourcecode.swift; path = ChatViewController.swift; sourceTree = "<group>"; };
		4562770320D911DD002778DC /* ChatItemViewModel.swift */ = {isa = PBXFileReference; lastKnownFileType = sourcecode.swift; path = ChatItemViewModel.swift; sourceTree = "<group>"; };
		4562770520D912EA002778DC /* ChatItemView.swift */ = {isa = PBXFileReference; lastKnownFileType = sourcecode.swift; path = ChatItemView.swift; sourceTree = "<group>"; };
		4562770720D91357002778DC /* UIView+AddSubviews.swift */ = {isa = PBXFileReference; fileEncoding = 4; lastKnownFileType = sourcecode.swift; path = "UIView+AddSubviews.swift"; sourceTree = "<group>"; };
		4562770920D917B2002778DC /* MessageChatItemViewModel.swift */ = {isa = PBXFileReference; lastKnownFileType = sourcecode.swift; path = MessageChatItemViewModel.swift; sourceTree = "<group>"; };
		4562770B20D9196F002778DC /* MessageChatItemView.swift */ = {isa = PBXFileReference; lastKnownFileType = sourcecode.swift; path = MessageChatItemView.swift; sourceTree = "<group>"; };
		4562770D20D92950002778DC /* ChatViewModel.swift */ = {isa = PBXFileReference; lastKnownFileType = sourcecode.swift; path = ChatViewModel.swift; sourceTree = "<group>"; };
		4562770F20DA3E34002778DC /* StyleExtensions.swift */ = {isa = PBXFileReference; fileEncoding = 4; lastKnownFileType = sourcecode.swift; path = StyleExtensions.swift; sourceTree = "<group>"; };
		4562771120DA7639002778DC /* TypingAnimationView.swift */ = {isa = PBXFileReference; lastKnownFileType = sourcecode.swift; path = TypingAnimationView.swift; sourceTree = "<group>"; };
		4562771320DCCBA6002778DC /* TextInputChatItemViewModel.swift */ = {isa = PBXFileReference; lastKnownFileType = sourcecode.swift; path = TextInputChatItemViewModel.swift; sourceTree = "<group>"; };
		4562771520DCCC57002778DC /* TextInputChatItemView.swift */ = {isa = PBXFileReference; lastKnownFileType = sourcecode.swift; path = TextInputChatItemView.swift; sourceTree = "<group>"; };
		457CB78D211C286800F72AFD /* ChatItemFactory.swift */ = {isa = PBXFileReference; lastKnownFileType = sourcecode.swift; path = ChatItemFactory.swift; sourceTree = "<group>"; };
		45998BB620EB930D004B4F8F /* ExternalOptionsSelectionViewModel.swift */ = {isa = PBXFileReference; lastKnownFileType = sourcecode.swift; path = ExternalOptionsSelectionViewModel.swift; sourceTree = "<group>"; };
		45998BB820EBA59F004B4F8F /* TappableButton.swift */ = {isa = PBXFileReference; lastKnownFileType = sourcecode.swift; path = TappableButton.swift; sourceTree = "<group>"; };
		45998BCC20EE06E6004B4F8F /* ChatFlowViewModel.swift */ = {isa = PBXFileReference; lastKnownFileType = sourcecode.swift; path = ChatFlowViewModel.swift; sourceTree = "<group>"; };
		45A73E8620E110C4002668A4 /* ExampleChatFlowViewModel.swift */ = {isa = PBXFileReference; lastKnownFileType = sourcecode.swift; path = ExampleChatFlowViewModel.swift; sourceTree = "<group>"; };
		45A73E8A20E246D7002668A4 /* SelectionChatItemViewModel.swift */ = {isa = PBXFileReference; lastKnownFileType = sourcecode.swift; path = SelectionChatItemViewModel.swift; sourceTree = "<group>"; };
		45A73E8C20E24724002668A4 /* SelectionChatItemView.swift */ = {isa = PBXFileReference; lastKnownFileType = sourcecode.swift; path = SelectionChatItemView.swift; sourceTree = "<group>"; };
		45A73E8E20E25A7F002668A4 /* SelectionTableViewCell.swift */ = {isa = PBXFileReference; lastKnownFileType = sourcecode.swift; path = SelectionTableViewCell.swift; sourceTree = "<group>"; };
		45EBAF7020E0C7FB000394CA /* Extensions.swift */ = {isa = PBXFileReference; lastKnownFileType = sourcecode.swift; path = Extensions.swift; sourceTree = "<group>"; };
		74319E4A66F4F05BF76B708B /* Pods_ChatAssistant.framework */ = {isa = PBXFileReference; explicitFileType = wrapper.framework; includeInIndex = 0; path = Pods_ChatAssistant.framework; sourceTree = BUILT_PRODUCTS_DIR; };
		759ADCF8D0D4E48528670D94 /* Pods-ChatAssistantTests.release.xcconfig */ = {isa = PBXFileReference; includeInIndex = 1; lastKnownFileType = text.xcconfig; name = "Pods-ChatAssistantTests.release.xcconfig"; path = "Pods/Target Support Files/Pods-ChatAssistantTests/Pods-ChatAssistantTests.release.xcconfig"; sourceTree = "<group>"; };
		A3CC0FEA474716BC8021FB8A /* Pods-ChatAssistant.debug.xcconfig */ = {isa = PBXFileReference; includeInIndex = 1; lastKnownFileType = text.xcconfig; name = "Pods-ChatAssistant.debug.xcconfig"; path = "Pods/Target Support Files/Pods-ChatAssistant/Pods-ChatAssistant.debug.xcconfig"; sourceTree = "<group>"; };
		B78DE0C88EEDB0D385639697 /* Pods_ChatAssistantTests.framework */ = {isa = PBXFileReference; explicitFileType = wrapper.framework; includeInIndex = 0; path = Pods_ChatAssistantTests.framework; sourceTree = BUILT_PRODUCTS_DIR; };
		B9ECB1593E421D55A5A6F2B1 /* Pods-ChatAssistant.release.xcconfig */ = {isa = PBXFileReference; includeInIndex = 1; lastKnownFileType = text.xcconfig; name = "Pods-ChatAssistant.release.xcconfig"; path = "Pods/Target Support Files/Pods-ChatAssistant/Pods-ChatAssistant.release.xcconfig"; sourceTree = "<group>"; };
		C5B39384213E873F00F1F87C /* Base */ = {isa = PBXFileReference; lastKnownFileType = text.plist.strings; name = Base; path = Base.lproj/Localizable.strings; sourceTree = "<group>"; };
		D8EBD1C8A657D64D447BB4D0 /* Pods-ChatAssistantTests.debug.xcconfig */ = {isa = PBXFileReference; includeInIndex = 1; lastKnownFileType = text.xcconfig; name = "Pods-ChatAssistantTests.debug.xcconfig"; path = "Pods/Target Support Files/Pods-ChatAssistantTests/Pods-ChatAssistantTests.debug.xcconfig"; sourceTree = "<group>"; };
/* End PBXFileReference section */

/* Begin PBXFrameworksBuildPhase section */
		456276D620D8DE03002778DC /* Frameworks */ = {
			isa = PBXFrameworksBuildPhase;
			buildActionMask = 2147483647;
			files = (
				69FEC156320DB7D92A5E5B5A /* Pods_ChatAssistant.framework in Frameworks */,
			);
			runOnlyForDeploymentPostprocessing = 0;
		};
		456276EA20D8DE05002778DC /* Frameworks */ = {
			isa = PBXFrameworksBuildPhase;
			buildActionMask = 2147483647;
			files = (
				50F899311194C62602A08F40 /* Pods_ChatAssistantTests.framework in Frameworks */,
			);
			runOnlyForDeploymentPostprocessing = 0;
		};
/* End PBXFrameworksBuildPhase section */

/* Begin PBXGroup section */
		1A0131E7D68B4CF6C4F87A86 /* Pods */ = {
			isa = PBXGroup;
			children = (
				A3CC0FEA474716BC8021FB8A /* Pods-ChatAssistant.debug.xcconfig */,
				B9ECB1593E421D55A5A6F2B1 /* Pods-ChatAssistant.release.xcconfig */,
				D8EBD1C8A657D64D447BB4D0 /* Pods-ChatAssistantTests.debug.xcconfig */,
				759ADCF8D0D4E48528670D94 /* Pods-ChatAssistantTests.release.xcconfig */,
			);
			name = Pods;
			sourceTree = "<group>";
		};
		456276D020D8DE03002778DC = {
			isa = PBXGroup;
			children = (
				456276DB20D8DE03002778DC /* ChatAssistant */,
				456276F020D8DE05002778DC /* ChatAssistantTests */,
				456276DA20D8DE03002778DC /* Products */,
				1A0131E7D68B4CF6C4F87A86 /* Pods */,
				A2AD42112EE4393E39EF422B /* Frameworks */,
			);
			sourceTree = "<group>";
		};
		456276DA20D8DE03002778DC /* Products */ = {
			isa = PBXGroup;
			children = (
				456276D920D8DE03002778DC /* ChatAssistant.app */,
				456276ED20D8DE05002778DC /* ChatAssistantTests.xctest */,
			);
			name = Products;
			sourceTree = "<group>";
		};
		456276DB20D8DE03002778DC /* ChatAssistant */ = {
			isa = PBXGroup;
			children = (
				4562770020D910E5002778DC /* ViewModel */,
				456276FE20D8F53E002778DC /* View */,
				456276DC20D8DE03002778DC /* AppDelegate.swift */,
				456276E320D8DE05002778DC /* Assets.xcassets */,
				456276E520D8DE05002778DC /* LaunchScreen.storyboard */,
				456276E820D8DE05002778DC /* Info.plist */,
				4562770F20DA3E34002778DC /* StyleExtensions.swift */,
				C5B39383213E873F00F1F87C /* Localizable.strings */,
			);
			path = ChatAssistant;
			sourceTree = "<group>";
		};
		456276F020D8DE05002778DC /* ChatAssistantTests */ = {
			isa = PBXGroup;
			children = (
				456276F120D8DE05002778DC /* ChatAssistantTests.swift */,
				456276F320D8DE05002778DC /* Info.plist */,
			);
			path = ChatAssistantTests;
			sourceTree = "<group>";
		};
		456276FE20D8F53E002778DC /* View */ = {
			isa = PBXGroup;
			children = (
				4562770120D911B7002778DC /* ChatViewController.swift */,
				4562770520D912EA002778DC /* ChatItemView.swift */,
				4562770720D91357002778DC /* UIView+AddSubviews.swift */,
				4562770B20D9196F002778DC /* MessageChatItemView.swift */,
				4562771120DA7639002778DC /* TypingAnimationView.swift */,
				4562771520DCCC57002778DC /* TextInputChatItemView.swift */,
				45EBAF7020E0C7FB000394CA /* Extensions.swift */,
				45A73E8C20E24724002668A4 /* SelectionChatItemView.swift */,
				45998BB820EBA59F004B4F8F /* TappableButton.swift */,
				457CB78D211C286800F72AFD /* ChatItemFactory.swift */,
			);
			path = View;
			sourceTree = "<group>";
		};
		4562770020D910E5002778DC /* ViewModel */ = {
			isa = PBXGroup;
			children = (
				4562770320D911DD002778DC /* ChatItemViewModel.swift */,
				4562770920D917B2002778DC /* MessageChatItemViewModel.swift */,
				4562770D20D92950002778DC /* ChatViewModel.swift */,
				4562771320DCCBA6002778DC /* TextInputChatItemViewModel.swift */,
				45A73E8620E110C4002668A4 /* ExampleChatFlowViewModel.swift */,
				45A73E8A20E246D7002668A4 /* SelectionChatItemViewModel.swift */,
				45A73E8E20E25A7F002668A4 /* SelectionTableViewCell.swift */,
				45998BB620EB930D004B4F8F /* ExternalOptionsSelectionViewModel.swift */,
				45998BCC20EE06E6004B4F8F /* ChatFlowViewModel.swift */,
			);
			path = ViewModel;
			sourceTree = "<group>";
		};
		A2AD42112EE4393E39EF422B /* Frameworks */ = {
			isa = PBXGroup;
			children = (
				74319E4A66F4F05BF76B708B /* Pods_ChatAssistant.framework */,
				B78DE0C88EEDB0D385639697 /* Pods_ChatAssistantTests.framework */,
			);
			name = Frameworks;
			sourceTree = "<group>";
		};
/* End PBXGroup section */

/* Begin PBXNativeTarget section */
		456276D820D8DE03002778DC /* ChatAssistant */ = {
			isa = PBXNativeTarget;
			buildConfigurationList = 456276F620D8DE05002778DC /* Build configuration list for PBXNativeTarget "ChatAssistant" */;
			buildPhases = (
				0D66934E79D865FBF97F05A6 /* [CP] Check Pods Manifest.lock */,
				456276D520D8DE03002778DC /* Sources */,
				456276D620D8DE03002778DC /* Frameworks */,
				456276D720D8DE03002778DC /* Resources */,
				C123BF0B606419C760EDA697 /* [CP] Embed Pods Frameworks */,
			);
			buildRules = (
			);
			dependencies = (
			);
			name = ChatAssistant;
			productName = ChatAssistant;
			productReference = 456276D920D8DE03002778DC /* ChatAssistant.app */;
			productType = "com.apple.product-type.application";
		};
		456276EC20D8DE05002778DC /* ChatAssistantTests */ = {
			isa = PBXNativeTarget;
			buildConfigurationList = 456276F920D8DE05002778DC /* Build configuration list for PBXNativeTarget "ChatAssistantTests" */;
			buildPhases = (
				CCEE207EB724B1F986102A50 /* [CP] Check Pods Manifest.lock */,
				456276E920D8DE05002778DC /* Sources */,
				456276EA20D8DE05002778DC /* Frameworks */,
				456276EB20D8DE05002778DC /* Resources */,
			);
			buildRules = (
			);
			dependencies = (
				456276EF20D8DE05002778DC /* PBXTargetDependency */,
			);
			name = ChatAssistantTests;
			productName = ChatAssistantTests;
			productReference = 456276ED20D8DE05002778DC /* ChatAssistantTests.xctest */;
			productType = "com.apple.product-type.bundle.unit-test";
		};
/* End PBXNativeTarget section */

/* Begin PBXProject section */
		456276D120D8DE03002778DC /* Project object */ = {
			isa = PBXProject;
			attributes = {
				LastSwiftUpdateCheck = 0930;
				LastUpgradeCheck = 0930;
				ORGANIZATIONNAME = "Rafał Urbaniak";
				TargetAttributes = {
					456276D820D8DE03002778DC = {
						CreatedOnToolsVersion = 9.3.1;
						LastSwiftMigration = 1000;
					};
					456276EC20D8DE05002778DC = {
						CreatedOnToolsVersion = 9.3.1;
						LastSwiftMigration = 1000;
						TestTargetID = 456276D820D8DE03002778DC;
					};
				};
			};
			buildConfigurationList = 456276D420D8DE03002778DC /* Build configuration list for PBXProject "ChatAssistant" */;
			compatibilityVersion = "Xcode 9.3";
			developmentRegion = en;
			hasScannedForEncodings = 0;
			knownRegions = (
				en,
				Base,
			);
			mainGroup = 456276D020D8DE03002778DC;
			productRefGroup = 456276DA20D8DE03002778DC /* Products */;
			projectDirPath = "";
			projectRoot = "";
			targets = (
				456276D820D8DE03002778DC /* ChatAssistant */,
				456276EC20D8DE05002778DC /* ChatAssistantTests */,
			);
		};
/* End PBXProject section */

/* Begin PBXResourcesBuildPhase section */
		456276D720D8DE03002778DC /* Resources */ = {
			isa = PBXResourcesBuildPhase;
			buildActionMask = 2147483647;
			files = (
				456276E720D8DE05002778DC /* LaunchScreen.storyboard in Resources */,
				C5B39385213E873F00F1F87C /* Localizable.strings in Resources */,
				456276E420D8DE05002778DC /* Assets.xcassets in Resources */,
			);
			runOnlyForDeploymentPostprocessing = 0;
		};
		456276EB20D8DE05002778DC /* Resources */ = {
			isa = PBXResourcesBuildPhase;
			buildActionMask = 2147483647;
			files = (
			);
			runOnlyForDeploymentPostprocessing = 0;
		};
/* End PBXResourcesBuildPhase section */

/* Begin PBXShellScriptBuildPhase section */
		0D66934E79D865FBF97F05A6 /* [CP] Check Pods Manifest.lock */ = {
			isa = PBXShellScriptBuildPhase;
			buildActionMask = 2147483647;
			files = (
			);
			inputPaths = (
				"${PODS_PODFILE_DIR_PATH}/Podfile.lock",
				"${PODS_ROOT}/Manifest.lock",
			);
			name = "[CP] Check Pods Manifest.lock";
			outputPaths = (
				"$(DERIVED_FILE_DIR)/Pods-ChatAssistant-checkManifestLockResult.txt",
			);
			runOnlyForDeploymentPostprocessing = 0;
			shellPath = /bin/sh;
			shellScript = "diff \"${PODS_PODFILE_DIR_PATH}/Podfile.lock\" \"${PODS_ROOT}/Manifest.lock\" > /dev/null\nif [ $? != 0 ] ; then\n    # print error to STDERR\n    echo \"error: The sandbox is not in sync with the Podfile.lock. Run 'pod install' or update your CocoaPods installation.\" >&2\n    exit 1\nfi\n# This output is used by Xcode 'outputs' to avoid re-running this script phase.\necho \"SUCCESS\" > \"${SCRIPT_OUTPUT_FILE_0}\"\n";
			showEnvVarsInLog = 0;
		};
		C123BF0B606419C760EDA697 /* [CP] Embed Pods Frameworks */ = {
			isa = PBXShellScriptBuildPhase;
			buildActionMask = 2147483647;
			files = (
			);
			inputPaths = (
				"${SRCROOT}/Pods/Target Support Files/Pods-ChatAssistant/Pods-ChatAssistant-frameworks.sh",
				"${BUILT_PRODUCTS_DIR}/EasyAnimation/EasyAnimation.framework",
				"${BUILT_PRODUCTS_DIR}/TinyConstraints/TinyConstraints.framework",
				"${BUILT_PRODUCTS_DIR}/ViewAnimator/ViewAnimator.framework",
			);
			name = "[CP] Embed Pods Frameworks";
			outputPaths = (
				"${TARGET_BUILD_DIR}/${FRAMEWORKS_FOLDER_PATH}/EasyAnimation.framework",
				"${TARGET_BUILD_DIR}/${FRAMEWORKS_FOLDER_PATH}/TinyConstraints.framework",
				"${TARGET_BUILD_DIR}/${FRAMEWORKS_FOLDER_PATH}/ViewAnimator.framework",
			);
			runOnlyForDeploymentPostprocessing = 0;
			shellPath = /bin/sh;
			shellScript = "\"${SRCROOT}/Pods/Target Support Files/Pods-ChatAssistant/Pods-ChatAssistant-frameworks.sh\"\n";
			showEnvVarsInLog = 0;
		};
		CCEE207EB724B1F986102A50 /* [CP] Check Pods Manifest.lock */ = {
			isa = PBXShellScriptBuildPhase;
			buildActionMask = 2147483647;
			files = (
			);
			inputPaths = (
				"${PODS_PODFILE_DIR_PATH}/Podfile.lock",
				"${PODS_ROOT}/Manifest.lock",
			);
			name = "[CP] Check Pods Manifest.lock";
			outputPaths = (
				"$(DERIVED_FILE_DIR)/Pods-ChatAssistantTests-checkManifestLockResult.txt",
			);
			runOnlyForDeploymentPostprocessing = 0;
			shellPath = /bin/sh;
			shellScript = "diff \"${PODS_PODFILE_DIR_PATH}/Podfile.lock\" \"${PODS_ROOT}/Manifest.lock\" > /dev/null\nif [ $? != 0 ] ; then\n    # print error to STDERR\n    echo \"error: The sandbox is not in sync with the Podfile.lock. Run 'pod install' or update your CocoaPods installation.\" >&2\n    exit 1\nfi\n# This output is used by Xcode 'outputs' to avoid re-running this script phase.\necho \"SUCCESS\" > \"${SCRIPT_OUTPUT_FILE_0}\"\n";
			showEnvVarsInLog = 0;
		};
/* End PBXShellScriptBuildPhase section */

/* Begin PBXSourcesBuildPhase section */
		456276D520D8DE03002778DC /* Sources */ = {
			isa = PBXSourcesBuildPhase;
			buildActionMask = 2147483647;
			files = (
				4562770220D911B7002778DC /* ChatViewController.swift in Sources */,
				45A73E8F20E25A7F002668A4 /* SelectionTableViewCell.swift in Sources */,
				4562770A20D917B2002778DC /* MessageChatItemViewModel.swift in Sources */,
				4562770E20D92950002778DC /* ChatViewModel.swift in Sources */,
				4562771420DCCBA6002778DC /* TextInputChatItemViewModel.swift in Sources */,
				4562770820D91357002778DC /* UIView+AddSubviews.swift in Sources */,
				45998BCD20EE06E6004B4F8F /* ChatFlowViewModel.swift in Sources */,
				4562771620DCCC57002778DC /* TextInputChatItemView.swift in Sources */,
				45998BB720EB930D004B4F8F /* ExternalOptionsSelectionViewModel.swift in Sources */,
				45A73E8D20E24724002668A4 /* SelectionChatItemView.swift in Sources */,
				456276DD20D8DE03002778DC /* AppDelegate.swift in Sources */,
				45A73E8720E110C4002668A4 /* ExampleChatFlowViewModel.swift in Sources */,
				457CB78E211C286800F72AFD /* ChatItemFactory.swift in Sources */,
				4562771020DA3E34002778DC /* StyleExtensions.swift in Sources */,
				45998BB920EBA59F004B4F8F /* TappableButton.swift in Sources */,
				45EBAF7120E0C7FB000394CA /* Extensions.swift in Sources */,
				4562770C20D9196F002778DC /* MessageChatItemView.swift in Sources */,
				4562770420D911DD002778DC /* ChatItemViewModel.swift in Sources */,
				4562771220DA7639002778DC /* TypingAnimationView.swift in Sources */,
				4562770620D912EA002778DC /* ChatItemView.swift in Sources */,
				45A73E8B20E246D7002668A4 /* SelectionChatItemViewModel.swift in Sources */,
			);
			runOnlyForDeploymentPostprocessing = 0;
		};
		456276E920D8DE05002778DC /* Sources */ = {
			isa = PBXSourcesBuildPhase;
			buildActionMask = 2147483647;
			files = (
				456276F220D8DE05002778DC /* ChatAssistantTests.swift in Sources */,
			);
			runOnlyForDeploymentPostprocessing = 0;
		};
/* End PBXSourcesBuildPhase section */

/* Begin PBXTargetDependency section */
		456276EF20D8DE05002778DC /* PBXTargetDependency */ = {
			isa = PBXTargetDependency;
			target = 456276D820D8DE03002778DC /* ChatAssistant */;
			targetProxy = 456276EE20D8DE05002778DC /* PBXContainerItemProxy */;
		};
/* End PBXTargetDependency section */

/* Begin PBXVariantGroup section */
		456276E520D8DE05002778DC /* LaunchScreen.storyboard */ = {
			isa = PBXVariantGroup;
			children = (
				456276E620D8DE05002778DC /* Base */,
			);
			name = LaunchScreen.storyboard;
			sourceTree = "<group>";
		};
		C5B39383213E873F00F1F87C /* Localizable.strings */ = {
			isa = PBXVariantGroup;
			children = (
				C5B39384213E873F00F1F87C /* Base */,
			);
			name = Localizable.strings;
			sourceTree = "<group>";
		};
/* End PBXVariantGroup section */

/* Begin XCBuildConfiguration section */
		456276F420D8DE05002778DC /* Debug */ = {
			isa = XCBuildConfiguration;
			buildSettings = {
				ALWAYS_SEARCH_USER_PATHS = NO;
				CLANG_ANALYZER_NONNULL = YES;
				CLANG_ANALYZER_NUMBER_OBJECT_CONVERSION = YES_AGGRESSIVE;
				CLANG_CXX_LANGUAGE_STANDARD = "gnu++14";
				CLANG_CXX_LIBRARY = "libc++";
				CLANG_ENABLE_MODULES = YES;
				CLANG_ENABLE_OBJC_ARC = YES;
				CLANG_ENABLE_OBJC_WEAK = YES;
				CLANG_WARN_BLOCK_CAPTURE_AUTORELEASING = YES;
				CLANG_WARN_BOOL_CONVERSION = YES;
				CLANG_WARN_COMMA = YES;
				CLANG_WARN_CONSTANT_CONVERSION = YES;
				CLANG_WARN_DEPRECATED_OBJC_IMPLEMENTATIONS = YES;
				CLANG_WARN_DIRECT_OBJC_ISA_USAGE = YES_ERROR;
				CLANG_WARN_DOCUMENTATION_COMMENTS = YES;
				CLANG_WARN_EMPTY_BODY = YES;
				CLANG_WARN_ENUM_CONVERSION = YES;
				CLANG_WARN_INFINITE_RECURSION = YES;
				CLANG_WARN_INT_CONVERSION = YES;
				CLANG_WARN_NON_LITERAL_NULL_CONVERSION = YES;
				CLANG_WARN_OBJC_IMPLICIT_RETAIN_SELF = YES;
				CLANG_WARN_OBJC_LITERAL_CONVERSION = YES;
				CLANG_WARN_OBJC_ROOT_CLASS = YES_ERROR;
				CLANG_WARN_RANGE_LOOP_ANALYSIS = YES;
				CLANG_WARN_STRICT_PROTOTYPES = YES;
				CLANG_WARN_SUSPICIOUS_MOVE = YES;
				CLANG_WARN_UNGUARDED_AVAILABILITY = YES_AGGRESSIVE;
				CLANG_WARN_UNREACHABLE_CODE = YES;
				CLANG_WARN__DUPLICATE_METHOD_MATCH = YES;
				CODE_SIGN_IDENTITY = "iPhone Developer";
				COPY_PHASE_STRIP = NO;
				DEBUG_INFORMATION_FORMAT = dwarf;
				ENABLE_STRICT_OBJC_MSGSEND = YES;
				ENABLE_TESTABILITY = YES;
				GCC_C_LANGUAGE_STANDARD = gnu11;
				GCC_DYNAMIC_NO_PIC = NO;
				GCC_NO_COMMON_BLOCKS = YES;
				GCC_OPTIMIZATION_LEVEL = 0;
				GCC_PREPROCESSOR_DEFINITIONS = (
					"DEBUG=1",
					"$(inherited)",
				);
				GCC_WARN_64_TO_32_BIT_CONVERSION = YES;
				GCC_WARN_ABOUT_RETURN_TYPE = YES_ERROR;
				GCC_WARN_UNDECLARED_SELECTOR = YES;
				GCC_WARN_UNINITIALIZED_AUTOS = YES_AGGRESSIVE;
				GCC_WARN_UNUSED_FUNCTION = YES;
				GCC_WARN_UNUSED_VARIABLE = YES;
				IPHONEOS_DEPLOYMENT_TARGET = 11.3;
				MTL_ENABLE_DEBUG_INFO = YES;
				ONLY_ACTIVE_ARCH = YES;
				SDKROOT = iphoneos;
				SWIFT_ACTIVE_COMPILATION_CONDITIONS = DEBUG;
				SWIFT_OPTIMIZATION_LEVEL = "-Onone";
			};
			name = Debug;
		};
		456276F520D8DE05002778DC /* Release */ = {
			isa = XCBuildConfiguration;
			buildSettings = {
				ALWAYS_SEARCH_USER_PATHS = NO;
				CLANG_ANALYZER_NONNULL = YES;
				CLANG_ANALYZER_NUMBER_OBJECT_CONVERSION = YES_AGGRESSIVE;
				CLANG_CXX_LANGUAGE_STANDARD = "gnu++14";
				CLANG_CXX_LIBRARY = "libc++";
				CLANG_ENABLE_MODULES = YES;
				CLANG_ENABLE_OBJC_ARC = YES;
				CLANG_ENABLE_OBJC_WEAK = YES;
				CLANG_WARN_BLOCK_CAPTURE_AUTORELEASING = YES;
				CLANG_WARN_BOOL_CONVERSION = YES;
				CLANG_WARN_COMMA = YES;
				CLANG_WARN_CONSTANT_CONVERSION = YES;
				CLANG_WARN_DEPRECATED_OBJC_IMPLEMENTATIONS = YES;
				CLANG_WARN_DIRECT_OBJC_ISA_USAGE = YES_ERROR;
				CLANG_WARN_DOCUMENTATION_COMMENTS = YES;
				CLANG_WARN_EMPTY_BODY = YES;
				CLANG_WARN_ENUM_CONVERSION = YES;
				CLANG_WARN_INFINITE_RECURSION = YES;
				CLANG_WARN_INT_CONVERSION = YES;
				CLANG_WARN_NON_LITERAL_NULL_CONVERSION = YES;
				CLANG_WARN_OBJC_IMPLICIT_RETAIN_SELF = YES;
				CLANG_WARN_OBJC_LITERAL_CONVERSION = YES;
				CLANG_WARN_OBJC_ROOT_CLASS = YES_ERROR;
				CLANG_WARN_RANGE_LOOP_ANALYSIS = YES;
				CLANG_WARN_STRICT_PROTOTYPES = YES;
				CLANG_WARN_SUSPICIOUS_MOVE = YES;
				CLANG_WARN_UNGUARDED_AVAILABILITY = YES_AGGRESSIVE;
				CLANG_WARN_UNREACHABLE_CODE = YES;
				CLANG_WARN__DUPLICATE_METHOD_MATCH = YES;
				CODE_SIGN_IDENTITY = "iPhone Developer";
				COPY_PHASE_STRIP = NO;
				DEBUG_INFORMATION_FORMAT = "dwarf-with-dsym";
				ENABLE_NS_ASSERTIONS = NO;
				ENABLE_STRICT_OBJC_MSGSEND = YES;
				GCC_C_LANGUAGE_STANDARD = gnu11;
				GCC_NO_COMMON_BLOCKS = YES;
				GCC_WARN_64_TO_32_BIT_CONVERSION = YES;
				GCC_WARN_ABOUT_RETURN_TYPE = YES_ERROR;
				GCC_WARN_UNDECLARED_SELECTOR = YES;
				GCC_WARN_UNINITIALIZED_AUTOS = YES_AGGRESSIVE;
				GCC_WARN_UNUSED_FUNCTION = YES;
				GCC_WARN_UNUSED_VARIABLE = YES;
				IPHONEOS_DEPLOYMENT_TARGET = 11.3;
				MTL_ENABLE_DEBUG_INFO = NO;
				SDKROOT = iphoneos;
				SWIFT_COMPILATION_MODE = wholemodule;
				SWIFT_OPTIMIZATION_LEVEL = "-O";
				VALIDATE_PRODUCT = YES;
			};
			name = Release;
		};
		456276F720D8DE05002778DC /* Debug */ = {
			isa = XCBuildConfiguration;
			baseConfigurationReference = A3CC0FEA474716BC8021FB8A /* Pods-ChatAssistant.debug.xcconfig */;
			buildSettings = {
				ASSETCATALOG_COMPILER_APPICON_NAME = AppIcon;
				CODE_SIGN_STYLE = Automatic;
				DEVELOPMENT_TEAM = FMPPHDG87W;
				INFOPLIST_FILE = ChatAssistant/Info.plist;
				IPHONEOS_DEPLOYMENT_TARGET = 10.0;
				LD_RUNPATH_SEARCH_PATHS = (
					"$(inherited)",
					"@executable_path/Frameworks",
				);
				PRODUCT_BUNDLE_IDENTIFIER = com.rndity.ChatAssistant;
				PRODUCT_NAME = "$(TARGET_NAME)";
				SWIFT_VERSION = 4.2;
				TARGETED_DEVICE_FAMILY = "1,2";
			};
			name = Debug;
		};
		456276F820D8DE05002778DC /* Release */ = {
			isa = XCBuildConfiguration;
			baseConfigurationReference = B9ECB1593E421D55A5A6F2B1 /* Pods-ChatAssistant.release.xcconfig */;
			buildSettings = {
				ASSETCATALOG_COMPILER_APPICON_NAME = AppIcon;
				CODE_SIGN_STYLE = Automatic;
				DEVELOPMENT_TEAM = FMPPHDG87W;
				INFOPLIST_FILE = ChatAssistant/Info.plist;
				IPHONEOS_DEPLOYMENT_TARGET = 10.0;
				LD_RUNPATH_SEARCH_PATHS = (
					"$(inherited)",
					"@executable_path/Frameworks",
				);
				PRODUCT_BUNDLE_IDENTIFIER = com.rndity.ChatAssistant;
				PRODUCT_NAME = "$(TARGET_NAME)";
				SWIFT_VERSION = 4.2;
				TARGETED_DEVICE_FAMILY = "1,2";
			};
			name = Release;
		};
		456276FA20D8DE05002778DC /* Debug */ = {
			isa = XCBuildConfiguration;
			baseConfigurationReference = D8EBD1C8A657D64D447BB4D0 /* Pods-ChatAssistantTests.debug.xcconfig */;
			buildSettings = {
				ALWAYS_EMBED_SWIFT_STANDARD_LIBRARIES = YES;
				BUNDLE_LOADER = "$(TEST_HOST)";
				CODE_SIGN_STYLE = Automatic;
				DEVELOPMENT_TEAM = FMPPHDG87W;
				INFOPLIST_FILE = ChatAssistantTests/Info.plist;
				LD_RUNPATH_SEARCH_PATHS = (
					"$(inherited)",
					"@executable_path/Frameworks",
					"@loader_path/Frameworks",
				);
				PRODUCT_BUNDLE_IDENTIFIER = com.rndity.ChatAssistantTests;
				PRODUCT_NAME = "$(TARGET_NAME)";
				SWIFT_VERSION = 4.2;
				TARGETED_DEVICE_FAMILY = "1,2";
				TEST_HOST = "$(BUILT_PRODUCTS_DIR)/ChatAssistant.app/ChatAssistant";
			};
			name = Debug;
		};
		456276FB20D8DE05002778DC /* Release */ = {
			isa = XCBuildConfiguration;
			baseConfigurationReference = 759ADCF8D0D4E48528670D94 /* Pods-ChatAssistantTests.release.xcconfig */;
			buildSettings = {
				ALWAYS_EMBED_SWIFT_STANDARD_LIBRARIES = YES;
				BUNDLE_LOADER = "$(TEST_HOST)";
				CODE_SIGN_STYLE = Automatic;
				DEVELOPMENT_TEAM = FMPPHDG87W;
				INFOPLIST_FILE = ChatAssistantTests/Info.plist;
				LD_RUNPATH_SEARCH_PATHS = (
					"$(inherited)",
					"@executable_path/Frameworks",
					"@loader_path/Frameworks",
				);
				PRODUCT_BUNDLE_IDENTIFIER = com.rndity.ChatAssistantTests;
				PRODUCT_NAME = "$(TARGET_NAME)";
				SWIFT_VERSION = 4.2;
				TARGETED_DEVICE_FAMILY = "1,2";
				TEST_HOST = "$(BUILT_PRODUCTS_DIR)/ChatAssistant.app/ChatAssistant";
			};
			name = Release;
		};
/* End XCBuildConfiguration section */

/* Begin XCConfigurationList section */
		456276D420D8DE03002778DC /* Build configuration list for PBXProject "ChatAssistant" */ = {
			isa = XCConfigurationList;
			buildConfigurations = (
				456276F420D8DE05002778DC /* Debug */,
				456276F520D8DE05002778DC /* Release */,
			);
			defaultConfigurationIsVisible = 0;
			defaultConfigurationName = Release;
		};
		456276F620D8DE05002778DC /* Build configuration list for PBXNativeTarget "ChatAssistant" */ = {
			isa = XCConfigurationList;
			buildConfigurations = (
				456276F720D8DE05002778DC /* Debug */,
				456276F820D8DE05002778DC /* Release */,
			);
			defaultConfigurationIsVisible = 0;
			defaultConfigurationName = Release;
		};
		456276F920D8DE05002778DC /* Build configuration list for PBXNativeTarget "ChatAssistantTests" */ = {
			isa = XCConfigurationList;
			buildConfigurations = (
				456276FA20D8DE05002778DC /* Debug */,
				456276FB20D8DE05002778DC /* Release */,
			);
			defaultConfigurationIsVisible = 0;
			defaultConfigurationName = Release;
		};
/* End XCConfigurationList section */
	};
	rootObject = 456276D120D8DE03002778DC /* Project object */;
}
